// !$*UTF8*$!
{
	archiveVersion = 1;
	classes = {
	};
	objectVersion = 48;
	objects = {

/* Begin PBXBuildFile section */
		47DCD8401F7D6E63006BB352 /* AppDelegate.swift in Sources */ = {isa = PBXBuildFile; fileRef = 47DCD83F1F7D6E63006BB352 /* AppDelegate.swift */; };
		47DCD8421F7D6E63006BB352 /* ViewController.swift in Sources */ = {isa = PBXBuildFile; fileRef = 47DCD8411F7D6E63006BB352 /* ViewController.swift */; };
		47DCD8451F7D6E63006BB352 /* Main.storyboard in Resources */ = {isa = PBXBuildFile; fileRef = 47DCD8431F7D6E63006BB352 /* Main.storyboard */; };
		47DCD8471F7D6E63006BB352 /* Assets.xcassets in Resources */ = {isa = PBXBuildFile; fileRef = 47DCD8461F7D6E63006BB352 /* Assets.xcassets */; };
		47DCD84A1F7D6E63006BB352 /* LaunchScreen.storyboard in Resources */ = {isa = PBXBuildFile; fileRef = 47DCD8481F7D6E63006BB352 /* LaunchScreen.storyboard */; };
		47DCD8551F7D6E63006BB352 /* driverChapTests.swift in Sources */ = {isa = PBXBuildFile; fileRef = 47DCD8541F7D6E63006BB352 /* driverChapTests.swift */; };
/* End PBXBuildFile section */

/* Begin PBXContainerItemProxy section */
		47DCD8511F7D6E63006BB352 /* PBXContainerItemProxy */ = {
			isa = PBXContainerItemProxy;
			containerPortal = 47DCD8341F7D6E63006BB352 /* Project object */;
			proxyType = 1;
			remoteGlobalIDString = 47DCD83B1F7D6E63006BB352;
			remoteInfo = driverChap;
		};
/* End PBXContainerItemProxy section */

/* Begin PBXFileReference section */
		47DCD83C1F7D6E63006BB352 /* driverChap.app */ = {isa = PBXFileReference; explicitFileType = wrapper.application; includeInIndex = 0; path = driverChap.app; sourceTree = BUILT_PRODUCTS_DIR; };
		47DCD83F1F7D6E63006BB352 /* AppDelegate.swift */ = {isa = PBXFileReference; lastKnownFileType = sourcecode.swift; path = AppDelegate.swift; sourceTree = "<group>"; };
		47DCD8411F7D6E63006BB352 /* ViewController.swift */ = {isa = PBXFileReference; lastKnownFileType = sourcecode.swift; path = ViewController.swift; sourceTree = "<group>"; };
		47DCD8441F7D6E63006BB352 /* Base */ = {isa = PBXFileReference; lastKnownFileType = file.storyboard; name = Base; path = Base.lproj/Main.storyboard; sourceTree = "<group>"; };
		47DCD8461F7D6E63006BB352 /* Assets.xcassets */ = {isa = PBXFileReference; lastKnownFileType = folder.assetcatalog; path = Assets.xcassets; sourceTree = "<group>"; };
		47DCD8491F7D6E63006BB352 /* Base */ = {isa = PBXFileReference; lastKnownFileType = file.storyboard; name = Base; path = Base.lproj/LaunchScreen.storyboard; sourceTree = "<group>"; };
		47DCD84B1F7D6E63006BB352 /* Info.plist */ = {isa = PBXFileReference; lastKnownFileType = text.plist.xml; path = Info.plist; sourceTree = "<group>"; };
		47DCD8501F7D6E63006BB352 /* driverChapTests.xctest */ = {isa = PBXFileReference; explicitFileType = wrapper.cfbundle; includeInIndex = 0; path = driverChapTests.xctest; sourceTree = BUILT_PRODUCTS_DIR; };
		47DCD8541F7D6E63006BB352 /* driverChapTests.swift */ = {isa = PBXFileReference; lastKnownFileType = sourcecode.swift; path = driverChapTests.swift; sourceTree = "<group>"; };
		47DCD8561F7D6E63006BB352 /* Info.plist */ = {isa = PBXFileReference; lastKnownFileType = text.plist.xml; path = Info.plist; sourceTree = "<group>"; };
/* End PBXFileReference section */

/* Begin PBXFrameworksBuildPhase section */
		47DCD8391F7D6E63006BB352 /* Frameworks */ = {
			isa = PBXFrameworksBuildPhase;
			buildActionMask = 2147483647;
			files = (
			);
			runOnlyForDeploymentPostprocessing = 0;
		};
		47DCD84D1F7D6E63006BB352 /* Frameworks */ = {
			isa = PBXFrameworksBuildPhase;
			buildActionMask = 2147483647;
			files = (
			);
			runOnlyForDeploymentPostprocessing = 0;
		};
/* End PBXFrameworksBuildPhase section */

/* Begin PBXGroup section */
		47DCD8331F7D6E63006BB352 = {
			isa = PBXGroup;
			children = (
				47DCD83E1F7D6E63006BB352 /* driverChap */,
				47DCD8531F7D6E63006BB352 /* driverChapTests */,
				47DCD83D1F7D6E63006BB352 /* Products */,
			);
			sourceTree = "<group>";
		};
		47DCD83D1F7D6E63006BB352 /* Products */ = {
			isa = PBXGroup;
			children = (
				47DCD83C1F7D6E63006BB352 /* driverChap.app */,
				47DCD8501F7D6E63006BB352 /* driverChapTests.xctest */,
			);
			name = Products;
			sourceTree = "<group>";
		};
		47DCD83E1F7D6E63006BB352 /* driverChap */ = {
			isa = PBXGroup;
			children = (
				47DCD83F1F7D6E63006BB352 /* AppDelegate.swift */,
				47DCD8411F7D6E63006BB352 /* ViewController.swift */,
				47DCD8431F7D6E63006BB352 /* Main.storyboard */,
				47DCD8461F7D6E63006BB352 /* Assets.xcassets */,
				47DCD8481F7D6E63006BB352 /* LaunchScreen.storyboard */,
				47DCD84B1F7D6E63006BB352 /* Info.plist */,
			);
			path = driverChap;
			sourceTree = "<group>";
		};
		47DCD8531F7D6E63006BB352 /* driverChapTests */ = {
			isa = PBXGroup;
			children = (
				47DCD8541F7D6E63006BB352 /* driverChapTests.swift */,
				47DCD8561F7D6E63006BB352 /* Info.plist */,
			);
			path = driverChapTests;
			sourceTree = "<group>";
		};
/* End PBXGroup section */

/* Begin PBXNativeTarget section */
		47DCD83B1F7D6E63006BB352 /* driverChap */ = {
			isa = PBXNativeTarget;
			buildConfigurationList = 47DCD8591F7D6E63006BB352 /* Build configuration list for PBXNativeTarget "driverChap" */;
			buildPhases = (
				47DCD8381F7D6E63006BB352 /* Sources */,
				47DCD8391F7D6E63006BB352 /* Frameworks */,
				47DCD83A1F7D6E63006BB352 /* Resources */,
			);
			buildRules = (
			);
			dependencies = (
			);
			name = driverChap;
			productName = driverChap;
			productReference = 47DCD83C1F7D6E63006BB352 /* driverChap.app */;
			productType = "com.apple.product-type.application";
		};
		47DCD84F1F7D6E63006BB352 /* driverChapTests */ = {
			isa = PBXNativeTarget;
			buildConfigurationList = 47DCD85C1F7D6E63006BB352 /* Build configuration list for PBXNativeTarget "driverChapTests" */;
			buildPhases = (
				47DCD84C1F7D6E63006BB352 /* Sources */,
				47DCD84D1F7D6E63006BB352 /* Frameworks */,
				47DCD84E1F7D6E63006BB352 /* Resources */,
			);
			buildRules = (
			);
			dependencies = (
				47DCD8521F7D6E63006BB352 /* PBXTargetDependency */,
			);
			name = driverChapTests;
			productName = driverChapTests;
			productReference = 47DCD8501F7D6E63006BB352 /* driverChapTests.xctest */;
			productType = "com.apple.product-type.bundle.unit-test";
		};
/* End PBXNativeTarget section */

/* Begin PBXProject section */
		47DCD8341F7D6E63006BB352 /* Project object */ = {
			isa = PBXProject;
			attributes = {
				LastSwiftUpdateCheck = 0900;
				LastUpgradeCheck = 0900;
				ORGANIZATIONNAME = driverChap;
				TargetAttributes = {
					47DCD83B1F7D6E63006BB352 = {
						CreatedOnToolsVersion = 9.0;
						ProvisioningStyle = Automatic;
					};
					47DCD84F1F7D6E63006BB352 = {
						CreatedOnToolsVersion = 9.0;
						ProvisioningStyle = Automatic;
						TestTargetID = 47DCD83B1F7D6E63006BB352;
					};
				};
			};
			buildConfigurationList = 47DCD8371F7D6E63006BB352 /* Build configuration list for PBXProject "driverChap" */;
			compatibilityVersion = "Xcode 8.0";
			developmentRegion = en;
			hasScannedForEncodings = 0;
			knownRegions = (
				en,
				Base,
			);
			mainGroup = 47DCD8331F7D6E63006BB352;
			productRefGroup = 47DCD83D1F7D6E63006BB352 /* Products */;
			projectDirPath = "";
			projectRoot = "";
			targets = (
				47DCD83B1F7D6E63006BB352 /* driverChap */,
				47DCD84F1F7D6E63006BB352 /* driverChapTests */,
			);
		};
/* End PBXProject section */

/* Begin PBXResourcesBuildPhase section */
		47DCD83A1F7D6E63006BB352 /* Resources */ = {
			isa = PBXResourcesBuildPhase;
			buildActionMask = 2147483647;
			files = (
				47DCD84A1F7D6E63006BB352 /* LaunchScreen.storyboard in Resources */,
				47DCD8471F7D6E63006BB352 /* Assets.xcassets in Resources */,
				47DCD8451F7D6E63006BB352 /* Main.storyboard in Resources */,
			);
			runOnlyForDeploymentPostprocessing = 0;
		};
		47DCD84E1F7D6E63006BB352 /* Resources */ = {
			isa = PBXResourcesBuildPhase;
			buildActionMask = 2147483647;
			files = (
			);
			runOnlyForDeploymentPostprocessing = 0;
		};
/* End PBXResourcesBuildPhase section */

/* Begin PBXSourcesBuildPhase section */
		47DCD8381F7D6E63006BB352 /* Sources */ = {
			isa = PBXSourcesBuildPhase;
			buildActionMask = 2147483647;
			files = (
				47DCD8421F7D6E63006BB352 /* ViewController.swift in Sources */,
				47DCD8401F7D6E63006BB352 /* AppDelegate.swift in Sources */,
			);
			runOnlyForDeploymentPostprocessing = 0;
		};
		47DCD84C1F7D6E63006BB352 /* Sources */ = {
			isa = PBXSourcesBuildPhase;
			buildActionMask = 2147483647;
			files = (
				47DCD8551F7D6E63006BB352 /* driverChapTests.swift in Sources */,
			);
			runOnlyForDeploymentPostprocessing = 0;
		};
/* End PBXSourcesBuildPhase section */

/* Begin PBXTargetDependency section */
		47DCD8521F7D6E63006BB352 /* PBXTargetDependency */ = {
			isa = PBXTargetDependency;
			target = 47DCD83B1F7D6E63006BB352 /* driverChap */;
			targetProxy = 47DCD8511F7D6E63006BB352 /* PBXContainerItemProxy */;
		};
/* End PBXTargetDependency section */

/* Begin PBXVariantGroup section */
		47DCD8431F7D6E63006BB352 /* Main.storyboard */ = {
			isa = PBXVariantGroup;
			children = (
				47DCD8441F7D6E63006BB352 /* Base */,
			);
			name = Main.storyboard;
			sourceTree = "<group>";
		};
		47DCD8481F7D6E63006BB352 /* LaunchScreen.storyboard */ = {
			isa = PBXVariantGroup;
			children = (
				47DCD8491F7D6E63006BB352 /* Base */,
			);
			name = LaunchScreen.storyboard;
			sourceTree = "<group>";
		};
/* End PBXVariantGroup section */

/* Begin XCBuildConfiguration section */
		47DCD8571F7D6E63006BB352 /* Debug */ = {
			isa = XCBuildConfiguration;
			buildSettings = {
				ALWAYS_SEARCH_USER_PATHS = NO;
				CLANG_ANALYZER_NONNULL = YES;
				CLANG_ANALYZER_NUMBER_OBJECT_CONVERSION = YES_AGGRESSIVE;
				CLANG_CXX_LANGUAGE_STANDARD = "gnu++14";
				CLANG_CXX_LIBRARY = "libc++";
				CLANG_ENABLE_MODULES = YES;
				CLANG_ENABLE_OBJC_ARC = YES;
				CLANG_WARN_BLOCK_CAPTURE_AUTORELEASING = YES;
				CLANG_WARN_BOOL_CONVERSION = YES;
				CLANG_WARN_COMMA = YES;
				CLANG_WARN_CONSTANT_CONVERSION = YES;
				CLANG_WARN_DIRECT_OBJC_ISA_USAGE = YES_ERROR;
				CLANG_WARN_DOCUMENTATION_COMMENTS = YES;
				CLANG_WARN_EMPTY_BODY = YES;
				CLANG_WARN_ENUM_CONVERSION = YES;
				CLANG_WARN_INFINITE_RECURSION = YES;
				CLANG_WARN_INT_CONVERSION = YES;
				CLANG_WARN_NON_LITERAL_NULL_CONVERSION = YES;
				CLANG_WARN_OBJC_LITERAL_CONVERSION = YES;
				CLANG_WARN_OBJC_ROOT_CLASS = YES_ERROR;
				CLANG_WARN_RANGE_LOOP_ANALYSIS = YES;
				CLANG_WARN_STRICT_PROTOTYPES = YES;
				CLANG_WARN_SUSPICIOUS_MOVE = YES;
				CLANG_WARN_UNGUARDED_AVAILABILITY = YES_AGGRESSIVE;
				CLANG_WARN_UNREACHABLE_CODE = YES;
				CLANG_WARN__DUPLICATE_METHOD_MATCH = YES;
				CODE_SIGN_IDENTITY = "iPhone Developer";
				COPY_PHASE_STRIP = NO;
				DEBUG_INFORMATION_FORMAT = dwarf;
				ENABLE_STRICT_OBJC_MSGSEND = YES;
				ENABLE_TESTABILITY = YES;
				GCC_C_LANGUAGE_STANDARD = gnu11;
				GCC_DYNAMIC_NO_PIC = NO;
				GCC_NO_COMMON_BLOCKS = YES;
				GCC_OPTIMIZATION_LEVEL = 0;
				GCC_PREPROCESSOR_DEFINITIONS = (
					"DEBUG=1",
					"$(inherited)",
				);
				GCC_WARN_64_TO_32_BIT_CONVERSION = YES;
				GCC_WARN_ABOUT_RETURN_TYPE = YES_ERROR;
				GCC_WARN_UNDECLARED_SELECTOR = YES;
				GCC_WARN_UNINITIALIZED_AUTOS = YES_AGGRESSIVE;
				GCC_WARN_UNUSED_FUNCTION = YES;
				GCC_WARN_UNUSED_VARIABLE = YES;
				IPHONEOS_DEPLOYMENT_TARGET = 11.0;
				MTL_ENABLE_DEBUG_INFO = YES;
				ONLY_ACTIVE_ARCH = YES;
				SDKROOT = iphoneos;
				SWIFT_ACTIVE_COMPILATION_CONDITIONS = DEBUG;
				SWIFT_OPTIMIZATION_LEVEL = "-Onone";
			};
			name = Debug;
		};
		47DCD8581F7D6E63006BB352 /* Release */ = {
			isa = XCBuildConfiguration;
			buildSettings = {
				ALWAYS_SEARCH_USER_PATHS = NO;
				CLANG_ANALYZER_NONNULL = YES;
				CLANG_ANALYZER_NUMBER_OBJECT_CONVERSION = YES_AGGRESSIVE;
				CLANG_CXX_LANGUAGE_STANDARD = "gnu++14";
				CLANG_CXX_LIBRARY = "libc++";
				CLANG_ENABLE_MODULES = YES;
				CLANG_ENABLE_OBJC_ARC = YES;
				CLANG_WARN_BLOCK_CAPTURE_AUTORELEASING = YES;
				CLANG_WARN_BOOL_CONVERSION = YES;
				CLANG_WARN_COMMA = YES;
				CLANG_WARN_CONSTANT_CONVERSION = YES;
				CLANG_WARN_DIRECT_OBJC_ISA_USAGE = YES_ERROR;
				CLANG_WARN_DOCUMENTATION_COMMENTS = YES;
				CLANG_WARN_EMPTY_BODY = YES;
				CLANG_WARN_ENUM_CONVERSION = YES;
				CLANG_WARN_INFINITE_RECURSION = YES;
				CLANG_WARN_INT_CONVERSION = YES;
				CLANG_WARN_NON_LITERAL_NULL_CONVERSION = YES;
				CLANG_WARN_OBJC_LITERAL_CONVERSION = YES;
				CLANG_WARN_OBJC_ROOT_CLASS = YES_ERROR;
				CLANG_WARN_RANGE_LOOP_ANALYSIS = YES;
				CLANG_WARN_STRICT_PROTOTYPES = YES;
				CLANG_WARN_SUSPICIOUS_MOVE = YES;
				CLANG_WARN_UNGUARDED_AVAILABILITY = YES_AGGRESSIVE;
				CLANG_WARN_UNREACHABLE_CODE = YES;
				CLANG_WARN__DUPLICATE_METHOD_MATCH = YES;
				CODE_SIGN_IDENTITY = "iPhone Developer";
				COPY_PHASE_STRIP = NO;
				DEBUG_INFORMATION_FORMAT = "dwarf-with-dsym";
				ENABLE_NS_ASSERTIONS = NO;
				ENABLE_STRICT_OBJC_MSGSEND = YES;
				GCC_C_LANGUAGE_STANDARD = gnu11;
				GCC_NO_COMMON_BLOCKS = YES;
				GCC_WARN_64_TO_32_BIT_CONVERSION = YES;
				GCC_WARN_ABOUT_RETURN_TYPE = YES_ERROR;
				GCC_WARN_UNDECLARED_SELECTOR = YES;
				GCC_WARN_UNINITIALIZED_AUTOS = YES_AGGRESSIVE;
				GCC_WARN_UNUSED_FUNCTION = YES;
				GCC_WARN_UNUSED_VARIABLE = YES;
				IPHONEOS_DEPLOYMENT_TARGET = 11.0;
				MTL_ENABLE_DEBUG_INFO = NO;
				SDKROOT = iphoneos;
				SWIFT_OPTIMIZATION_LEVEL = "-Owholemodule";
				VALIDATE_PRODUCT = YES;
			};
			name = Release;
		};
		47DCD85A1F7D6E63006BB352 /* Debug */ = {
			isa = XCBuildConfiguration;
			buildSettings = {
				ASSETCATALOG_COMPILER_APPICON_NAME = AppIcon;
				CODE_SIGN_STYLE = Automatic;
				DEVELOPMENT_TEAM = WPL6N62Q58;
				INFOPLIST_FILE = driverChap/Info.plist;
				LD_RUNPATH_SEARCH_PATHS = "$(inherited) @executable_path/Frameworks";
				PRODUCT_BUNDLE_IDENTIFIER = com.you.driverChap;
				PRODUCT_NAME = "$(TARGET_NAME)";
				SWIFT_VERSION = 4.0;
				TARGETED_DEVICE_FAMILY = "1,2";
			};
			name = Debug;
		};
		47DCD85B1F7D6E63006BB352 /* Release */ = {
			isa = XCBuildConfiguration;
			buildSettings = {
				ASSETCATALOG_COMPILER_APPICON_NAME = AppIcon;
				CODE_SIGN_STYLE = Automatic;
				DEVELOPMENT_TEAM = WPL6N62Q58;
				INFOPLIST_FILE = driverChap/Info.plist;
				LD_RUNPATH_SEARCH_PATHS = "$(inherited) @executable_path/Frameworks";
				PRODUCT_BUNDLE_IDENTIFIER = com.you.driverChap;
				PRODUCT_NAME = "$(TARGET_NAME)";
				SWIFT_VERSION = 4.0;
				TARGETED_DEVICE_FAMILY = "1,2";
			};
			name = Release;
		};
		47DCD85D1F7D6E63006BB352 /* Debug */ = {
			isa = XCBuildConfiguration;
			buildSettings = {
				ALWAYS_EMBED_SWIFT_STANDARD_LIBRARIES = YES;
				BUNDLE_LOADER = "$(TEST_HOST)";
				CODE_SIGN_STYLE = Automatic;
				DEVELOPMENT_TEAM = WPL6N62Q58;
				INFOPLIST_FILE = driverChapTests/Info.plist;
				LD_RUNPATH_SEARCH_PATHS = "$(inherited) @executable_path/Frameworks @loader_path/Frameworks";
				PRODUCT_BUNDLE_IDENTIFIER = com.you.driverChapTests;
				PRODUCT_NAME = "$(TARGET_NAME)";
				SWIFT_VERSION = 4.0;
				TARGETED_DEVICE_FAMILY = "1,2";
				TEST_HOST = "$(BUILT_PRODUCTS_DIR)/driverChap.app/driverChap";
			};
			name = Debug;
		};
		47DCD85E1F7D6E63006BB352 /* Release */ = {
			isa = XCBuildConfiguration;
			buildSettings = {
				ALWAYS_EMBED_SWIFT_STANDARD_LIBRARIES = YES;
				BUNDLE_LOADER = "$(TEST_HOST)";
				CODE_SIGN_STYLE = Automatic;
				DEVELOPMENT_TEAM = WPL6N62Q58;
				INFOPLIST_FILE = driverChapTests/Info.plist;
				LD_RUNPATH_SEARCH_PATHS = "$(inherited) @executable_path/Frameworks @loader_path/Frameworks";
				PRODUCT_BUNDLE_IDENTIFIER = com.you.driverChapTests;
				PRODUCT_NAME = "$(TARGET_NAME)";
				SWIFT_VERSION = 4.0;
				TARGETED_DEVICE_FAMILY = "1,2";
				TEST_HOST = "$(BUILT_PRODUCTS_DIR)/driverChap.app/driverChap";
			};
			name = Release;
		};
/* End XCBuildConfiguration section */

/* Begin XCConfigurationList section */
		47DCD8371F7D6E63006BB352 /* Build configuration list for PBXProject "driverChap" */ = {
			isa = XCConfigurationList;
			buildConfigurations = (
				47DCD8571F7D6E63006BB352 /* Debug */,
				47DCD8581F7D6E63006BB352 /* Release */,
			);
			defaultConfigurationIsVisible = 0;
			defaultConfigurationName = Release;
		};
		47DCD8591F7D6E63006BB352 /* Build configuration list for PBXNativeTarget "driverChap" */ = {
			isa = XCConfigurationList;
			buildConfigurations = (
				47DCD85A1F7D6E63006BB352 /* Debug */,
				47DCD85B1F7D6E63006BB352 /* Release */,
			);
			defaultConfigurationIsVisible = 0;
			defaultConfigurationName = Release;
		};
		47DCD85C1F7D6E63006BB352 /* Build configuration list for PBXNativeTarget "driverChapTests" */ = {
			isa = XCConfigurationList;
			buildConfigurations = (
				47DCD85D1F7D6E63006BB352 /* Debug */,
				47DCD85E1F7D6E63006BB352 /* Release */,
			);
			defaultConfigurationIsVisible = 0;
			defaultConfigurationName = Release;
		};
/* End XCConfigurationList section */
	};
	rootObject = 47DCD8341F7D6E63006BB352 /* Project object */;
}
